
Microsoft Visual Studio Solution File, Format Version 12.00
# Visual Studio Version 16
VisualStudioVersion = 16.0.30330.147
MinimumVisualStudioVersion = 10.0.40219.1
Project("{FAE04EC0-301F-11D3-BF4B-00C04F79EFBC}") = "OSYMSonucTest", "OSYMSonucTest\OSYMSonucTest.csproj", "{02D0B91A-BA33-4F96-893C-572D13DB9BEB}"
EndProject
Global
	GlobalSection(SolutionConfigurationPlatforms) = preSolution
		Debug|Any CPU = Debug|Any CPU
		Release|Any CPU = Release|Any CPU
	EndGlobalSection
	GlobalSection(ProjectConfigurationPlatforms) = postSolution
		{02D0B91A-BA33-4F96-893C-572D13DB9BEB}.Debug|Any CPU.ActiveCfg = Debug|Any CPU
		{02D0B91A-BA33-4F96-893C-572D13DB9BEB}.Debug|Any CPU.Build.0 = Debug|Any CPU
		{02D0B91A-BA33-4F96-893C-572D13DB9BEB}.Release|Any CPU.ActiveCfg = Release|Any CPU
		{02D0B91A-BA33-4F96-893C-572D13DB9BEB}.Release|Any CPU.Build.0 = Release|Any CPU
	EndGlobalSection
	GlobalSection(SolutionProperties) = preSolution
		HideSolutionNode = FALSE
	EndGlobalSection
	GlobalSection(ExtensibilityGlobals) = postSolution
		SolutionGuid = {9377D590-BF64-46A5-B0EE-6B2B82A721E3}
	EndGlobalSection
EndGlobal
